
Microsoft Visual Studio Solution File, Format Version 12.00
# Visual Studio 14
VisualStudioVersion = 14.0.25420.1
MinimumVisualStudioVersion = 10.0.40219.1
Project("{8BC9CEB8-8B4A-11D0-8D11-00A0C91BC942}") = "ReboundPlugin", "ReboundPlugin\ReboundPlugin.vcxproj", "{F6B116D6-D349-4547-8A0A-041F34C46099}"
EndProject
Project("{8BC9CEB8-8B4A-11D0-8D11-00A0C91BC942}") = "DribblePlugin", "DribblePlugin\DribblePlugin.vcxproj", "{563A296B-3433-42ED-A136-7E714640CA3E}"
EndProject
Project("{8BC9CEB8-8B4A-11D0-8D11-00A0C91BC942}") = "DefenderPlugin", "DefenderPlugin\DefenderPlugin.vcxproj", "{5223F517-3A74-42EC-B173-E8464A3B9F6F}"
EndProject
Project("{8BC9CEB8-8B4A-11D0-8D11-00A0C91BC942}") = "KickoffPlugin", "KickoffPlugin\KickoffPlugin.vcxproj", "{AB8D3AD8-D462-42BC-B987-E3A603E1873D}"
EndProject
Project("{8BC9CEB8-8B4A-11D0-8D11-00A0C91BC942}") = "TrainingPlugin", "TrainingPlugin\TrainingPlugin.vcxproj", "{75B3BE26-A16E-4674-B7A6-A0C0FFA9D79B}"
EndProject
Project("{8BC9CEB8-8B4A-11D0-8D11-00A0C91BC942}") = "RedirectPlugin", "RedirectPlugin\RedirectPlugin.vcxproj", "{2EC8483B-F9D3-4CF1-9130-23AA7BDC608E}"
EndProject
Project("{8BC9CEB8-8B4A-11D0-8D11-00A0C91BC942}") = "ServerTestPlugin", "ServerTestPlugin\ServerTestPlugin.vcxproj", "{DFD30715-F22D-426F-B772-175B90961AC9}"
EndProject
Project("{8BC9CEB8-8B4A-11D0-8D11-00A0C91BC942}") = "RCONPlugin", "RCONPlugin\RCONPlugin.vcxproj", "{AC6B2D6D-5427-4C2F-9ED8-A8D92AE71591}"
EndProject
Project("{8BC9CEB8-8B4A-11D0-8D11-00A0C91BC942}") = "WorkshopPlugin", "WorkshopPlugin\WorkshopPlugin.vcxproj", "{F3EB342B-61E8-4300-822B-8304C95ACD39}"
EndProject
Project("{8BC9CEB8-8B4A-11D0-8D11-00A0C91BC942}") = "PythonProject", "PythonProject\PythonProject.vcxproj", "{4379E7CD-67D4-4934-ACD8-7636EDB06D7E}"
EndProject
Project("{8BC9CEB8-8B4A-11D0-8D11-00A0C91BC942}") = "DoubleTouchPlugin", "DoubleTouchPlugin\DoubleTouchPlugin.vcxproj", "{25C59A5F-19A1-45EC-BAEB-61514EF71C72}"
EndProject
Project("{8BC9CEB8-8B4A-11D0-8D11-00A0C91BC942}") = "Shootout", "Shootout\Shootout.vcxproj", "{D1D81E90-F41F-4DAC-92C4-B62190B2EBCC}"
EndProject
Project("{8BC9CEB8-8B4A-11D0-8D11-00A0C91BC942}") = "DefenderPlugin_Rewrite", "DefenderPlugin_Rewrite\DefenderPlugin_Rewrite.vcxproj", "{ED14F3D6-4839-4EDF-B327-7A4B242C03D1}"
EndProject
Global
	GlobalSection(SolutionConfigurationPlatforms) = preSolution
		Debug|x64 = Debug|x64
		Debug|x86 = Debug|x86
		Release|x64 = Release|x64
		Release|x86 = Release|x86
	EndGlobalSection
	GlobalSection(ProjectConfigurationPlatforms) = postSolution
		{F6B116D6-D349-4547-8A0A-041F34C46099}.Debug|x64.ActiveCfg = Debug|x64
		{F6B116D6-D349-4547-8A0A-041F34C46099}.Debug|x64.Build.0 = Debug|x64
		{F6B116D6-D349-4547-8A0A-041F34C46099}.Debug|x86.ActiveCfg = Debug|Win32
		{F6B116D6-D349-4547-8A0A-041F34C46099}.Release|x64.ActiveCfg = Release|x64
		{F6B116D6-D349-4547-8A0A-041F34C46099}.Release|x64.Build.0 = Release|x64
		{F6B116D6-D349-4547-8A0A-041F34C46099}.Release|x86.ActiveCfg = Release|Win32
		{563A296B-3433-42ED-A136-7E714640CA3E}.Debug|x64.ActiveCfg = Debug|x64
		{563A296B-3433-42ED-A136-7E714640CA3E}.Debug|x64.Build.0 = Debug|x64
		{563A296B-3433-42ED-A136-7E714640CA3E}.Debug|x86.ActiveCfg = Debug|Win32
		{563A296B-3433-42ED-A136-7E714640CA3E}.Release|x64.ActiveCfg = Release|x64
		{563A296B-3433-42ED-A136-7E714640CA3E}.Release|x64.Build.0 = Release|x64
		{563A296B-3433-42ED-A136-7E714640CA3E}.Release|x86.ActiveCfg = Release|Win32
		{5223F517-3A74-42EC-B173-E8464A3B9F6F}.Debug|x64.ActiveCfg = Debug|x64
		{5223F517-3A74-42EC-B173-E8464A3B9F6F}.Debug|x64.Build.0 = Debug|x64
		{5223F517-3A74-42EC-B173-E8464A3B9F6F}.Debug|x86.ActiveCfg = Debug|Win32
		{5223F517-3A74-42EC-B173-E8464A3B9F6F}.Release|x64.ActiveCfg = Release|x64
		{5223F517-3A74-42EC-B173-E8464A3B9F6F}.Release|x64.Build.0 = Release|x64
		{5223F517-3A74-42EC-B173-E8464A3B9F6F}.Release|x86.ActiveCfg = Release|Win32
		{AB8D3AD8-D462-42BC-B987-E3A603E1873D}.Debug|x64.ActiveCfg = Debug|x64
		{AB8D3AD8-D462-42BC-B987-E3A603E1873D}.Debug|x64.Build.0 = Debug|x64
		{AB8D3AD8-D462-42BC-B987-E3A603E1873D}.Debug|x86.ActiveCfg = Debug|Win32
		{AB8D3AD8-D462-42BC-B987-E3A603E1873D}.Release|x64.ActiveCfg = Release|x64
		{AB8D3AD8-D462-42BC-B987-E3A603E1873D}.Release|x64.Build.0 = Release|x64
		{AB8D3AD8-D462-42BC-B987-E3A603E1873D}.Release|x86.ActiveCfg = Release|Win32
		{75B3BE26-A16E-4674-B7A6-A0C0FFA9D79B}.Debug|x64.ActiveCfg = Debug|x64
		{75B3BE26-A16E-4674-B7A6-A0C0FFA9D79B}.Debug|x64.Build.0 = Debug|x64
		{75B3BE26-A16E-4674-B7A6-A0C0FFA9D79B}.Debug|x86.ActiveCfg = Debug|Win32
		{75B3BE26-A16E-4674-B7A6-A0C0FFA9D79B}.Release|x64.ActiveCfg = Release|x64
		{75B3BE26-A16E-4674-B7A6-A0C0FFA9D79B}.Release|x64.Build.0 = Release|x64
		{75B3BE26-A16E-4674-B7A6-A0C0FFA9D79B}.Release|x86.ActiveCfg = Release|Win32
		{2EC8483B-F9D3-4CF1-9130-23AA7BDC608E}.Debug|x64.ActiveCfg = Debug|x64
		{2EC8483B-F9D3-4CF1-9130-23AA7BDC608E}.Debug|x64.Build.0 = Debug|x64
		{2EC8483B-F9D3-4CF1-9130-23AA7BDC608E}.Debug|x86.ActiveCfg = Debug|Win32
		{2EC8483B-F9D3-4CF1-9130-23AA7BDC608E}.Release|x64.ActiveCfg = Release|x64
		{2EC8483B-F9D3-4CF1-9130-23AA7BDC608E}.Release|x64.Build.0 = Release|x64
		{2EC8483B-F9D3-4CF1-9130-23AA7BDC608E}.Release|x86.ActiveCfg = Release|Win32
		{DFD30715-F22D-426F-B772-175B90961AC9}.Debug|x64.ActiveCfg = Debug|x64
		{DFD30715-F22D-426F-B772-175B90961AC9}.Debug|x64.Build.0 = Debug|x64
		{DFD30715-F22D-426F-B772-175B90961AC9}.Debug|x86.ActiveCfg = Debug|Win32
		{DFD30715-F22D-426F-B772-175B90961AC9}.Release|x64.ActiveCfg = Release|x64
		{DFD30715-F22D-426F-B772-175B90961AC9}.Release|x64.Build.0 = Release|x64
		{DFD30715-F22D-426F-B772-175B90961AC9}.Release|x86.ActiveCfg = Release|Win32
		{AC6B2D6D-5427-4C2F-9ED8-A8D92AE71591}.Debug|x64.ActiveCfg = Debug|x64
		{AC6B2D6D-5427-4C2F-9ED8-A8D92AE71591}.Debug|x64.Build.0 = Debug|x64
		{AC6B2D6D-5427-4C2F-9ED8-A8D92AE71591}.Debug|x86.ActiveCfg = Debug|Win32
		{AC6B2D6D-5427-4C2F-9ED8-A8D92AE71591}.Release|x64.ActiveCfg = Release|x64
		{AC6B2D6D-5427-4C2F-9ED8-A8D92AE71591}.Release|x64.Build.0 = Release|x64
		{AC6B2D6D-5427-4C2F-9ED8-A8D92AE71591}.Release|x86.ActiveCfg = Release|Win32
		{F3EB342B-61E8-4300-822B-8304C95ACD39}.Debug|x64.ActiveCfg = Debug|x64
		{F3EB342B-61E8-4300-822B-8304C95ACD39}.Debug|x64.Build.0 = Debug|x64
		{F3EB342B-61E8-4300-822B-8304C95ACD39}.Debug|x86.ActiveCfg = Debug|Win32
		{F3EB342B-61E8-4300-822B-8304C95ACD39}.Release|x64.ActiveCfg = Release|x64
		{F3EB342B-61E8-4300-822B-8304C95ACD39}.Release|x64.Build.0 = Release|x64
		{F3EB342B-61E8-4300-822B-8304C95ACD39}.Release|x86.ActiveCfg = Release|Win32
		{4379E7CD-67D4-4934-ACD8-7636EDB06D7E}.Debug|x64.ActiveCfg = Debug|x64
		{4379E7CD-67D4-4934-ACD8-7636EDB06D7E}.Debug|x64.Build.0 = Debug|x64
		{4379E7CD-67D4-4934-ACD8-7636EDB06D7E}.Debug|x86.ActiveCfg = Debug|Win32
		{4379E7CD-67D4-4934-ACD8-7636EDB06D7E}.Debug|x86.Build.0 = Debug|Win32
		{4379E7CD-67D4-4934-ACD8-7636EDB06D7E}.Release|x64.ActiveCfg = Release|x64
		{4379E7CD-67D4-4934-ACD8-7636EDB06D7E}.Release|x64.Build.0 = Release|x64
		{4379E7CD-67D4-4934-ACD8-7636EDB06D7E}.Release|x86.ActiveCfg = Release|Win32
		{4379E7CD-67D4-4934-ACD8-7636EDB06D7E}.Release|x86.Build.0 = Release|Win32
		{25C59A5F-19A1-45EC-BAEB-61514EF71C72}.Debug|x64.ActiveCfg = Debug|x64
		{25C59A5F-19A1-45EC-BAEB-61514EF71C72}.Debug|x64.Build.0 = Debug|x64
		{25C59A5F-19A1-45EC-BAEB-61514EF71C72}.Debug|x86.ActiveCfg = Debug|Win32
		{25C59A5F-19A1-45EC-BAEB-61514EF71C72}.Release|x64.ActiveCfg = Release|x64
		{25C59A5F-19A1-45EC-BAEB-61514EF71C72}.Release|x64.Build.0 = Release|x64
		{25C59A5F-19A1-45EC-BAEB-61514EF71C72}.Release|x86.ActiveCfg = Release|Win32
		{D1D81E90-F41F-4DAC-92C4-B62190B2EBCC}.Debug|x64.ActiveCfg = Debug|x64
		{D1D81E90-F41F-4DAC-92C4-B62190B2EBCC}.Debug|x64.Build.0 = Debug|x64
		{D1D81E90-F41F-4DAC-92C4-B62190B2EBCC}.Debug|x86.ActiveCfg = Debug|Win32
		{D1D81E90-F41F-4DAC-92C4-B62190B2EBCC}.Release|x64.ActiveCfg = Release|x64
		{D1D81E90-F41F-4DAC-92C4-B62190B2EBCC}.Release|x64.Build.0 = Release|x64
		{D1D81E90-F41F-4DAC-92C4-B62190B2EBCC}.Release|x86.ActiveCfg = Release|Win32
		{ED14F3D6-4839-4EDF-B327-7A4B242C03D1}.Debug|x64.ActiveCfg = Debug|x64
		{ED14F3D6-4839-4EDF-B327-7A4B242C03D1}.Debug|x64.Build.0 = Debug|x64
		{ED14F3D6-4839-4EDF-B327-7A4B242C03D1}.Debug|x86.ActiveCfg = Debug|Win32
		{ED14F3D6-4839-4EDF-B327-7A4B242C03D1}.Release|x64.ActiveCfg = Release|x64
		{ED14F3D6-4839-4EDF-B327-7A4B242C03D1}.Release|x64.Build.0 = Release|x64
		{ED14F3D6-4839-4EDF-B327-7A4B242C03D1}.Release|x86.ActiveCfg = Release|Win32
	EndGlobalSection
	GlobalSection(SolutionProperties) = preSolution
		HideSolutionNode = FALSE
	EndGlobalSection
EndGlobal
